
Microsoft Visual Studio Solution File, Format Version 12.00
# Visual Studio Version 17
VisualStudioVersion = 17.7.34024.191
MinimumVisualStudioVersion = 10.0.40219.1
Project("{8BC9CEB8-8B4A-11D0-8D11-00A0C91BC942}") = "1.1", "1.1\1.1.vcxproj", "{A1A81AF4-9BE0-42C7-8403-CD2E07200AAF}"
EndProject
Project("{8BC9CEB8-8B4A-11D0-8D11-00A0C91BC942}") = "1.3", "1.3\1.3.vcxproj", "{7AAF6268-7B84-4469-AD06-87E89ACD7AC9}"
EndProject
Project("{8BC9CEB8-8B4A-11D0-8D11-00A0C91BC942}") = "1.5", "1.5\1.5.vcxproj", "{8DE8A1E2-3633-46B4-AD0C-9A5358B9CD0F}"
EndProject
Project("{8BC9CEB8-8B4A-11D0-8D11-00A0C91BC942}") = "#1.4", "#1.4\#1.4.vcxproj", "{AA221FA0-4D6D-4667-A1B3-F2E1A0774CF9}"
EndProject
Project("{8BC9CEB8-8B4A-11D0-8D11-00A0C91BC942}") = "1.2", "1.2\1.2.vcxproj", "{3C4C282D-7DE0-4F48-898B-0F4FC178931D}"
EndProject
Project("{8BC9CEB8-8B4A-11D0-8D11-00A0C91BC942}") = "2.1", "2.1\2.1.vcxproj", "{503BEDEB-1697-47E9-8925-0266D53C89EF}"
EndProject
Project("{8BC9CEB8-8B4A-11D0-8D11-00A0C91BC942}") = "2.2", "2.2\2.2.vcxproj", "{8C23F1C3-814F-47F3-A275-9745BA5469E2}"
EndProject
Project("{8BC9CEB8-8B4A-11D0-8D11-00A0C91BC942}") = "2.2 (2)", "2.2 (2)\2.2 (2).vcxproj", "{A397B18F-8768-4C6D-ADE0-7DF4449B6CB9}"
EndProject
Project("{8BC9CEB8-8B4A-11D0-8D11-00A0C91BC942}") = "2.3", "2.3\2.3.vcxproj", "{B8FC85F3-389C-4175-BA60-30E6AC9EAA48}"
EndProject
Project("{8BC9CEB8-8B4A-11D0-8D11-00A0C91BC942}") = "2.4_", "2.4_\2.4_.vcxproj", "{B7263B60-5FB5-4317-8310-36478AB74E1A}"
EndProject
Project("{8BC9CEB8-8B4A-11D0-8D11-00A0C91BC942}") = "2.6", "2.6\2.6.vcxproj", "{E11DC367-3D49-46A6-BD30-15CB43949734}"
EndProject
Global
	GlobalSection(SolutionConfigurationPlatforms) = preSolution
		Debug|x64 = Debug|x64
		Debug|x86 = Debug|x86
		Release|x64 = Release|x64
		Release|x86 = Release|x86
	EndGlobalSection
	GlobalSection(ProjectConfigurationPlatforms) = postSolution
		{A1A81AF4-9BE0-42C7-8403-CD2E07200AAF}.Debug|x64.ActiveCfg = Debug|x64
		{A1A81AF4-9BE0-42C7-8403-CD2E07200AAF}.Debug|x64.Build.0 = Debug|x64
		{A1A81AF4-9BE0-42C7-8403-CD2E07200AAF}.Debug|x86.ActiveCfg = Debug|Win32
		{A1A81AF4-9BE0-42C7-8403-CD2E07200AAF}.Debug|x86.Build.0 = Debug|Win32
		{A1A81AF4-9BE0-42C7-8403-CD2E07200AAF}.Release|x64.ActiveCfg = Release|x64
		{A1A81AF4-9BE0-42C7-8403-CD2E07200AAF}.Release|x64.Build.0 = Release|x64
		{A1A81AF4-9BE0-42C7-8403-CD2E07200AAF}.Release|x86.ActiveCfg = Release|Win32
		{A1A81AF4-9BE0-42C7-8403-CD2E07200AAF}.Release|x86.Build.0 = Release|Win32
		{7AAF6268-7B84-4469-AD06-87E89ACD7AC9}.Debug|x64.ActiveCfg = Debug|x64
		{7AAF6268-7B84-4469-AD06-87E89ACD7AC9}.Debug|x64.Build.0 = Debug|x64
		{7AAF6268-7B84-4469-AD06-87E89ACD7AC9}.Debug|x86.ActiveCfg = Debug|Win32
		{7AAF6268-7B84-4469-AD06-87E89ACD7AC9}.Debug|x86.Build.0 = Debug|Win32
		{7AAF6268-7B84-4469-AD06-87E89ACD7AC9}.Release|x64.ActiveCfg = Release|x64
		{7AAF6268-7B84-4469-AD06-87E89ACD7AC9}.Release|x64.Build.0 = Release|x64
		{7AAF6268-7B84-4469-AD06-87E89ACD7AC9}.Release|x86.ActiveCfg = Release|Win32
		{7AAF6268-7B84-4469-AD06-87E89ACD7AC9}.Release|x86.Build.0 = Release|Win32
		{8DE8A1E2-3633-46B4-AD0C-9A5358B9CD0F}.Debug|x64.ActiveCfg = Debug|x64
		{8DE8A1E2-3633-46B4-AD0C-9A5358B9CD0F}.Debug|x64.Build.0 = Debug|x64
		{8DE8A1E2-3633-46B4-AD0C-9A5358B9CD0F}.Debug|x86.ActiveCfg = Debug|Win32
		{8DE8A1E2-3633-46B4-AD0C-9A5358B9CD0F}.Debug|x86.Build.0 = Debug|Win32
		{8DE8A1E2-3633-46B4-AD0C-9A5358B9CD0F}.Release|x64.ActiveCfg = Release|x64
		{8DE8A1E2-3633-46B4-AD0C-9A5358B9CD0F}.Release|x64.Build.0 = Release|x64
		{8DE8A1E2-3633-46B4-AD0C-9A5358B9CD0F}.Release|x86.ActiveCfg = Release|Win32
		{8DE8A1E2-3633-46B4-AD0C-9A5358B9CD0F}.Release|x86.Build.0 = Release|Win32
		{AA221FA0-4D6D-4667-A1B3-F2E1A0774CF9}.Debug|x64.ActiveCfg = Debug|x64
		{AA221FA0-4D6D-4667-A1B3-F2E1A0774CF9}.Debug|x64.Build.0 = Debug|x64
		{AA221FA0-4D6D-4667-A1B3-F2E1A0774CF9}.Debug|x86.ActiveCfg = Debug|Win32
		{AA221FA0-4D6D-4667-A1B3-F2E1A0774CF9}.Debug|x86.Build.0 = Debug|Win32
		{AA221FA0-4D6D-4667-A1B3-F2E1A0774CF9}.Release|x64.ActiveCfg = Release|x64
		{AA221FA0-4D6D-4667-A1B3-F2E1A0774CF9}.Release|x64.Build.0 = Release|x64
		{AA221FA0-4D6D-4667-A1B3-F2E1A0774CF9}.Release|x86.ActiveCfg = Release|Win32
		{AA221FA0-4D6D-4667-A1B3-F2E1A0774CF9}.Release|x86.Build.0 = Release|Win32
		{3C4C282D-7DE0-4F48-898B-0F4FC178931D}.Debug|x64.ActiveCfg = Debug|x64
		{3C4C282D-7DE0-4F48-898B-0F4FC178931D}.Debug|x64.Build.0 = Debug|x64
		{3C4C282D-7DE0-4F48-898B-0F4FC178931D}.Debug|x86.ActiveCfg = Debug|Win32
		{3C4C282D-7DE0-4F48-898B-0F4FC178931D}.Debug|x86.Build.0 = Debug|Win32
		{3C4C282D-7DE0-4F48-898B-0F4FC178931D}.Release|x64.ActiveCfg = Release|x64
		{3C4C282D-7DE0-4F48-898B-0F4FC178931D}.Release|x64.Build.0 = Release|x64
		{3C4C282D-7DE0-4F48-898B-0F4FC178931D}.Release|x86.ActiveCfg = Release|Win32
		{3C4C282D-7DE0-4F48-898B-0F4FC178931D}.Release|x86.Build.0 = Release|Win32
		{503BEDEB-1697-47E9-8925-0266D53C89EF}.Debug|x64.ActiveCfg = Debug|x64
		{503BEDEB-1697-47E9-8925-0266D53C89EF}.Debug|x64.Build.0 = Debug|x64
		{503BEDEB-1697-47E9-8925-0266D53C89EF}.Debug|x86.ActiveCfg = Debug|Win32
		{503BEDEB-1697-47E9-8925-0266D53C89EF}.Debug|x86.Build.0 = Debug|Win32
		{503BEDEB-1697-47E9-8925-0266D53C89EF}.Release|x64.ActiveCfg = Release|x64
		{503BEDEB-1697-47E9-8925-0266D53C89EF}.Release|x64.Build.0 = Release|x64
		{503BEDEB-1697-47E9-8925-0266D53C89EF}.Release|x86.ActiveCfg = Release|Win32
		{503BEDEB-1697-47E9-8925-0266D53C89EF}.Release|x86.Build.0 = Release|Win32
		{8C23F1C3-814F-47F3-A275-9745BA5469E2}.Debug|x64.ActiveCfg = Debug|x64
		{8C23F1C3-814F-47F3-A275-9745BA5469E2}.Debug|x64.Build.0 = Debug|x64
		{8C23F1C3-814F-47F3-A275-9745BA5469E2}.Debug|x86.ActiveCfg = Debug|Win32
		{8C23F1C3-814F-47F3-A275-9745BA5469E2}.Debug|x86.Build.0 = Debug|Win32
		{8C23F1C3-814F-47F3-A275-9745BA5469E2}.Release|x64.ActiveCfg = Release|x64
		{8C23F1C3-814F-47F3-A275-9745BA5469E2}.Release|x64.Build.0 = Release|x64
		{8C23F1C3-814F-47F3-A275-9745BA5469E2}.Release|x86.ActiveCfg = Release|Win32
		{8C23F1C3-814F-47F3-A275-9745BA5469E2}.Release|x86.Build.0 = Release|Win32
		{A397B18F-8768-4C6D-ADE0-7DF4449B6CB9}.Debug|x64.ActiveCfg = Debug|x64
		{A397B18F-8768-4C6D-ADE0-7DF4449B6CB9}.Debug|x64.Build.0 = Debug|x64
		{A397B18F-8768-4C6D-ADE0-7DF4449B6CB9}.Debug|x86.ActiveCfg = Debug|Win32
		{A397B18F-8768-4C6D-ADE0-7DF4449B6CB9}.Debug|x86.Build.0 = Debug|Win32
		{A397B18F-8768-4C6D-ADE0-7DF4449B6CB9}.Release|x64.ActiveCfg = Release|x64
		{A397B18F-8768-4C6D-ADE0-7DF4449B6CB9}.Release|x64.Build.0 = Release|x64
		{A397B18F-8768-4C6D-ADE0-7DF4449B6CB9}.Release|x86.ActiveCfg = Release|Win32
		{A397B18F-8768-4C6D-ADE0-7DF4449B6CB9}.Release|x86.Build.0 = Release|Win32
		{B8FC85F3-389C-4175-BA60-30E6AC9EAA48}.Debug|x64.ActiveCfg = Debug|x64
		{B8FC85F3-389C-4175-BA60-30E6AC9EAA48}.Debug|x64.Build.0 = Debug|x64
		{B8FC85F3-389C-4175-BA60-30E6AC9EAA48}.Debug|x86.ActiveCfg = Debug|Win32
		{B8FC85F3-389C-4175-BA60-30E6AC9EAA48}.Debug|x86.Build.0 = Debug|Win32
		{B8FC85F3-389C-4175-BA60-30E6AC9EAA48}.Release|x64.ActiveCfg = Release|x64
		{B8FC85F3-389C-4175-BA60-30E6AC9EAA48}.Release|x64.Build.0 = Release|x64
		{B8FC85F3-389C-4175-BA60-30E6AC9EAA48}.Release|x86.ActiveCfg = Release|Win32
		{B8FC85F3-389C-4175-BA60-30E6AC9EAA48}.Release|x86.Build.0 = Release|Win32
		{B7263B60-5FB5-4317-8310-36478AB74E1A}.Debug|x64.ActiveCfg = Debug|x64
		{B7263B60-5FB5-4317-8310-36478AB74E1A}.Debug|x64.Build.0 = Debug|x64
		{B7263B60-5FB5-4317-8310-36478AB74E1A}.Debug|x86.ActiveCfg = Debug|Win32
		{B7263B60-5FB5-4317-8310-36478AB74E1A}.Debug|x86.Build.0 = Debug|Win32
		{B7263B60-5FB5-4317-8310-36478AB74E1A}.Release|x64.ActiveCfg = Release|x64
		{B7263B60-5FB5-4317-8310-36478AB74E1A}.Release|x64.Build.0 = Release|x64
		{B7263B60-5FB5-4317-8310-36478AB74E1A}.Release|x86.ActiveCfg = Release|Win32
		{B7263B60-5FB5-4317-8310-36478AB74E1A}.Release|x86.Build.0 = Release|Win32
		{E11DC367-3D49-46A6-BD30-15CB43949734}.Debug|x64.ActiveCfg = Debug|x64
		{E11DC367-3D49-46A6-BD30-15CB43949734}.Debug|x64.Build.0 = Debug|x64
		{E11DC367-3D49-46A6-BD30-15CB43949734}.Debug|x86.ActiveCfg = Debug|Win32
		{E11DC367-3D49-46A6-BD30-15CB43949734}.Debug|x86.Build.0 = Debug|Win32
		{E11DC367-3D49-46A6-BD30-15CB43949734}.Release|x64.ActiveCfg = Release|x64
		{E11DC367-3D49-46A6-BD30-15CB43949734}.Release|x64.Build.0 = Release|x64
		{E11DC367-3D49-46A6-BD30-15CB43949734}.Release|x86.ActiveCfg = Release|Win32
		{E11DC367-3D49-46A6-BD30-15CB43949734}.Release|x86.Build.0 = Release|Win32
	EndGlobalSection
	GlobalSection(SolutionProperties) = preSolution
		HideSolutionNode = FALSE
	EndGlobalSection
	GlobalSection(ExtensibilityGlobals) = postSolution
		SolutionGuid = {44CCBF95-8581-414C-B0A9-B05164080ADA}
	EndGlobalSection
EndGlobal
