
Microsoft Visual Studio Solution File, Format Version 12.00
# Visual Studio Version 17
VisualStudioVersion = 17.7.34024.191
MinimumVisualStudioVersion = 10.0.40219.1
Project("{8BC9CEB8-8B4A-11D0-8D11-00A0C91BC942}") = "1.1", "1.1\1.1.vcxproj", "{A1A81AF4-9BE0-42C7-8403-CD2E07200AAF}"
EndProject
Project("{8BC9CEB8-8B4A-11D0-8D11-00A0C91BC942}") = "1.3", "1.3\1.3.vcxproj", "{7AAF6268-7B84-4469-AD06-87E89ACD7AC9}"
EndProject
Project("{8BC9CEB8-8B4A-11D0-8D11-00A0C91BC942}") = "1.5", "1.5\1.5.vcxproj", "{8DE8A1E2-3633-46B4-AD0C-9A5358B9CD0F}"
EndProject
Project("{8BC9CEB8-8B4A-11D0-8D11-00A0C91BC942}") = "#1.4", "#1.4\#1.4.vcxproj", "{AA221FA0-4D6D-4667-A1B3-F2E1A0774CF9}"
EndProject
Global
	GlobalSection(SolutionConfigurationPlatforms) = preSolution
		Debug|x64 = Debug|x64
		Debug|x86 = Debug|x86
		Release|x64 = Release|x64
		Release|x86 = Release|x86
	EndGlobalSection
	GlobalSection(ProjectConfigurationPlatforms) = postSolution
		{A1A81AF4-9BE0-42C7-8403-CD2E07200AAF}.Debug|x64.ActiveCfg = Debug|x64
		{A1A81AF4-9BE0-42C7-8403-CD2E07200AAF}.Debug|x64.Build.0 = Debug|x64
		{A1A81AF4-9BE0-42C7-8403-CD2E07200AAF}.Debug|x86.ActiveCfg = Debug|Win32
		{A1A81AF4-9BE0-42C7-8403-CD2E07200AAF}.Debug|x86.Build.0 = Debug|Win32
		{A1A81AF4-9BE0-42C7-8403-CD2E07200AAF}.Release|x64.ActiveCfg = Release|x64
		{A1A81AF4-9BE0-42C7-8403-CD2E07200AAF}.Release|x64.Build.0 = Release|x64
		{A1A81AF4-9BE0-42C7-8403-CD2E07200AAF}.Release|x86.ActiveCfg = Release|Win32
		{A1A81AF4-9BE0-42C7-8403-CD2E07200AAF}.Release|x86.Build.0 = Release|Win32
		{7AAF6268-7B84-4469-AD06-87E89ACD7AC9}.Debug|x64.ActiveCfg = Debug|x64
		{7AAF6268-7B84-4469-AD06-87E89ACD7AC9}.Debug|x64.Build.0 = Debug|x64
		{7AAF6268-7B84-4469-AD06-87E89ACD7AC9}.Debug|x86.ActiveCfg = Debug|Win32
		{7AAF6268-7B84-4469-AD06-87E89ACD7AC9}.Debug|x86.Build.0 = Debug|Win32
		{7AAF6268-7B84-4469-AD06-87E89ACD7AC9}.Release|x64.ActiveCfg = Release|x64
		{7AAF6268-7B84-4469-AD06-87E89ACD7AC9}.Release|x64.Build.0 = Release|x64
		{7AAF6268-7B84-4469-AD06-87E89ACD7AC9}.Release|x86.ActiveCfg = Release|Win32
		{7AAF6268-7B84-4469-AD06-87E89ACD7AC9}.Release|x86.Build.0 = Release|Win32
		{8DE8A1E2-3633-46B4-AD0C-9A5358B9CD0F}.Debug|x64.ActiveCfg = Debug|x64
		{8DE8A1E2-3633-46B4-AD0C-9A5358B9CD0F}.Debug|x64.Build.0 = Debug|x64
		{8DE8A1E2-3633-46B4-AD0C-9A5358B9CD0F}.Debug|x86.ActiveCfg = Debug|Win32
		{8DE8A1E2-3633-46B4-AD0C-9A5358B9CD0F}.Debug|x86.Build.0 = Debug|Win32
		{8DE8A1E2-3633-46B4-AD0C-9A5358B9CD0F}.Release|x64.ActiveCfg = Release|x64
		{8DE8A1E2-3633-46B4-AD0C-9A5358B9CD0F}.Release|x64.Build.0 = Release|x64
		{8DE8A1E2-3633-46B4-AD0C-9A5358B9CD0F}.Release|x86.ActiveCfg = Release|Win32
		{8DE8A1E2-3633-46B4-AD0C-9A5358B9CD0F}.Release|x86.Build.0 = Release|Win32
		{AA221FA0-4D6D-4667-A1B3-F2E1A0774CF9}.Debug|x64.ActiveCfg = Debug|x64
		{AA221FA0-4D6D-4667-A1B3-F2E1A0774CF9}.Debug|x64.Build.0 = Debug|x64
		{AA221FA0-4D6D-4667-A1B3-F2E1A0774CF9}.Debug|x86.ActiveCfg = Debug|Win32
		{AA221FA0-4D6D-4667-A1B3-F2E1A0774CF9}.Debug|x86.Build.0 = Debug|Win32
		{AA221FA0-4D6D-4667-A1B3-F2E1A0774CF9}.Release|x64.ActiveCfg = Release|x64
		{AA221FA0-4D6D-4667-A1B3-F2E1A0774CF9}.Release|x64.Build.0 = Release|x64
		{AA221FA0-4D6D-4667-A1B3-F2E1A0774CF9}.Release|x86.ActiveCfg = Release|Win32
		{AA221FA0-4D6D-4667-A1B3-F2E1A0774CF9}.Release|x86.Build.0 = Release|Win32
	EndGlobalSection
	GlobalSection(SolutionProperties) = preSolution
		HideSolutionNode = FALSE
	EndGlobalSection
	GlobalSection(ExtensibilityGlobals) = postSolution
		SolutionGuid = {44CCBF95-8581-414C-B0A9-B05164080ADA}
	EndGlobalSection
EndGlobal
